github.com/go-telegram-bot-api/telegram-bot-api v4.6.4+incompatible h1:2cauKuaELYAEARXRkq2LrJ0yDDv1rW7+wrTEdVL3uaU=
github.com/go-telegram-bot-api/telegram-bot-api v4.6.4+incompatible/go.mod h1:qf9acutJ8cwBUhm1bqgz6Bei9/C/c93FPDljKWwsOgM=
github.com/moshee/go-4chan-api v0.0.0-20180705201006-117c90c93e9c h1:ZCwgcba0vDWSBPGENfZrajUTYRlhZTTxeDLvod+UObI=
github.com/moshee/go-4chan-api v0.0.0-20180705201006-117c90c93e9c/go.mod h1:mGS3UGLG5GY9T5oYiVZ9Y30VhZxBTmOT0OLeWpScvsI=
github.com/technoweenie/multipartstreamer v1.0.1 h1:XRztA5MXiR1TIRHxH2uNxXxaIkKQDeX7m2XsSOlQEnM=
github.com/technoweenie/multipartstreamer v1.0.1/go.mod h1:jNVxdtShOxzAsukZwTSw6MDx5eUJoiEBsSvzDU9uzog=
